
Microsoft Visual Studio Solution File, Format Version 12.00
# Visual Studio Version 16
VisualStudioVersion = 16.0.28922.388
MinimumVisualStudioVersion = 10.0.40219.1
Project("{FAE04EC0-301F-11D3-BF4B-00C04F79EFBC}") = "MyTestEnv", "MyTestEnv\MyTestEnv.csproj", "{8EFF7795-6F7D-4E9B-B261-6311D470B912}"
EndProject
Global
	GlobalSection(SolutionConfigurationPlatforms) = preSolution
		Debug|Any CPU = Debug|Any CPU
		Release|Any CPU = Release|Any CPU
	EndGlobalSection
	GlobalSection(ProjectConfigurationPlatforms) = postSolution
		{8EFF7795-6F7D-4E9B-B261-6311D470B912}.Debug|Any CPU.ActiveCfg = Debug|Any CPU
		{8EFF7795-6F7D-4E9B-B261-6311D470B912}.Debug|Any CPU.Build.0 = Debug|Any CPU
		{8EFF7795-6F7D-4E9B-B261-6311D470B912}.Release|Any CPU.ActiveCfg = Release|Any CPU
		{8EFF7795-6F7D-4E9B-B261-6311D470B912}.Release|Any CPU.Build.0 = Release|Any CPU
	EndGlobalSection
	GlobalSection(SolutionProperties) = preSolution
		HideSolutionNode = FALSE
	EndGlobalSection
	GlobalSection(ExtensibilityGlobals) = postSolution
		SolutionGuid = {F00DD871-A5E3-4454-8BA4-2D686CD99339}
	EndGlobalSection
EndGlobal
